// !$*UTF8*$!
{
	archiveVersion = 1;
	classes = {
	};
	objectVersion = 46;
	objects = {

/* Begin PBXBuildFile section */
		18AAD4F61D3CDE9800B33C74 /* Poetry.bundle in Resources */ = {isa = PBXBuildFile; fileRef = 18AAD4F51D3CDE9800B33C74 /* Poetry.bundle */; };
		18AAD4F91D3D0FFF00B33C74 /* KindModel.m in Sources */ = {isa = PBXBuildFile; fileRef = 18AAD4F81D3D0FFF00B33C74 /* KindModel.m */; };
		18AAD4FC1D3D176E00B33C74 /* KindViewModel.m in Sources */ = {isa = PBXBuildFile; fileRef = 18AAD4FB1D3D176E00B33C74 /* KindViewModel.m */; };
		18AAD4FF1D3DCBAA00B33C74 /* PoetryViewController.m in Sources */ = {isa = PBXBuildFile; fileRef = 18AAD4FE1D3DCBAA00B33C74 /* PoetryViewController.m */; };
		18AAD50B1D3E067E00B33C74 /* LeftViewController.m in Sources */ = {isa = PBXBuildFile; fileRef = 18AAD50A1D3E067E00B33C74 /* LeftViewController.m */; };
		18AAD50E1D3E06A800B33C74 /* GameInfoViewController.m in Sources */ = {isa = PBXBuildFile; fileRef = 18AAD50D1D3E06A800B33C74 /* GameInfoViewController.m */; };
		18AAD5111D3E0F7A00B33C74 /* GameInfoListViewController.m in Sources */ = {isa = PBXBuildFile; fileRef = 18AAD5101D3E0F7A00B33C74 /* GameInfoListViewController.m */; };
		18AAD5141D3E0FE400B33C74 /* GameInfoHtmlViewController.m in Sources */ = {isa = PBXBuildFile; fileRef = 18AAD5131D3E0FE400B33C74 /* GameInfoHtmlViewController.m */; };
		18AAD5171D3E101000B33C74 /* GameInfoPicViewController.m in Sources */ = {isa = PBXBuildFile; fileRef = 18AAD5161D3E101000B33C74 /* GameInfoPicViewController.m */; };
		18AAD51A1D3E108100B33C74 /* GameInfoViewModel.m in Sources */ = {isa = PBXBuildFile; fileRef = 18AAD5191D3E108100B33C74 /* GameInfoViewModel.m */; };
		18AAD51D1D3E10A200B33C74 /* GameInfoPicViewModel.m in Sources */ = {isa = PBXBuildFile; fileRef = 18AAD51C1D3E10A200B33C74 /* GameInfoPicViewModel.m */; };
		18AAD5201D3E10EC00B33C74 /* GameInfoNetManager.m in Sources */ = {isa = PBXBuildFile; fileRef = 18AAD51F1D3E10EC00B33C74 /* GameInfoNetManager.m */; };
		18AAD5231D3E113700B33C74 /* GameInfoModel.m in Sources */ = {isa = PBXBuildFile; fileRef = 18AAD5221D3E113700B33C74 /* GameInfoModel.m */; };
		18AAD5261D3E115200B33C74 /* GameInfoPicModel.m in Sources */ = {isa = PBXBuildFile; fileRef = 18AAD5251D3E115200B33C74 /* GameInfoPicModel.m */; };
		18AAD5291D3E151D00B33C74 /* LOLViewController.m in Sources */ = {isa = PBXBuildFile; fileRef = 18AAD5281D3E151D00B33C74 /* LOLViewController.m */; };
		18AAD52C1D3E1C9A00B33C74 /* Factory.m in Sources */ = {isa = PBXBuildFile; fileRef = 18AAD52B1D3E1C9A00B33C74 /* Factory.m */; };
		18AAD52F1D3E297C00B33C74 /* GameInfoListCell.m in Sources */ = {isa = PBXBuildFile; fileRef = 18AAD52E1D3E297C00B33C74 /* GameInfoListCell.m */; };
		18AAD5321D3E29BB00B33C74 /* TRImageView.m in Sources */ = {isa = PBXBuildFile; fileRef = 18AAD5311D3E29BB00B33C74 /* TRImageView.m */; };
		18AAD5351D3E2A3700B33C74 /* GameInfoImageCell.m in Sources */ = {isa = PBXBuildFile; fileRef = 18AAD5341D3E2A3700B33C74 /* GameInfoImageCell.m */; };
		18D37F7A1D3E752B005D046B /* KindIntroViewController.m in Sources */ = {isa = PBXBuildFile; fileRef = 18D37F791D3E752B005D046B /* KindIntroViewController.m */; };
		18D37F7D1D3F357D005D046B /* PoetryListViewController.m in Sources */ = {isa = PBXBuildFile; fileRef = 18D37F7C1D3F357D005D046B /* PoetryListViewController.m */; };
		18D37F801D3F35D9005D046B /* PoetryModel.m in Sources */ = {isa = PBXBuildFile; fileRef = 18D37F7F1D3F35D9005D046B /* PoetryModel.m */; };
		18D37F831D3F3D0C005D046B /* PoetryViewModel.m in Sources */ = {isa = PBXBuildFile; fileRef = 18D37F821D3F3D0C005D046B /* PoetryViewModel.m */; };
		18D37F861D3F4F48005D046B /* PoetryDetailViewController.m in Sources */ = {isa = PBXBuildFile; fileRef = 18D37F851D3F4F48005D046B /* PoetryDetailViewController.m */; };
		18D37F891D3F7335005D046B /* SearchPoetryViewModel.m in Sources */ = {isa = PBXBuildFile; fileRef = 18D37F881D3F7335005D046B /* SearchPoetryViewModel.m */; };
		212437CF0CF61B8290DED0FB /* libPods-BaseProject.a in Frameworks */ = {isa = PBXBuildFile; fileRef = 847027E429826FFA29696D42 /* libPods-BaseProject.a */; };
		3804CE511BD758F10046C8C8 /* AppDelegate+Category.m in Sources */ = {isa = PBXBuildFile; fileRef = 3804CE4A1BD758F10046C8C8 /* AppDelegate+Category.m */; };
		3804CE521BD758F10046C8C8 /* NSObject+Common.m in Sources */ = {isa = PBXBuildFile; fileRef = 3804CE4C1BD758F10046C8C8 /* NSObject+Common.m */; };
		3804CE531BD758F10046C8C8 /* NSString+PJR.m in Sources */ = {isa = PBXBuildFile; fileRef = 3804CE4E1BD758F10046C8C8 /* NSString+PJR.m */; };
		3804CE541BD758F10046C8C8 /* NSString+QRCode.m in Sources */ = {isa = PBXBuildFile; fileRef = 3804CE501BD758F10046C8C8 /* NSString+QRCode.m */; };
		3879FE811BDFA8E100A99990 /* libsqlite3.0.tbd in Frameworks */ = {isa = PBXBuildFile; fileRef = 3879FE801BDFA8E100A99990 /* libsqlite3.0.tbd */; };
		3885C8981BE8E88D009441EA /* iCarousel.m in Sources */ = {isa = PBXBuildFile; fileRef = 3885C8971BE8E88D009441EA /* iCarousel.m */; };
		3885C8F71BE8E96A009441EA /* .gitignore in Resources */ = {isa = PBXBuildFile; fileRef = 3885C8F01BE8E96A009441EA /* .gitignore */; };
		3885C8F81BE8E96A009441EA /* LICENSE in Resources */ = {isa = PBXBuildFile; fileRef = 3885C8F11BE8E96A009441EA /* LICENSE */; };
		3885C8F91BE8E96A009441EA /* PSCollectionView.m in Sources */ = {isa = PBXBuildFile; fileRef = 3885C8F31BE8E96A009441EA /* PSCollectionView.m */; };
		3885C8FA1BE8E96A009441EA /* PSCollectionViewCell.m in Sources */ = {isa = PBXBuildFile; fileRef = 3885C8F51BE8E96A009441EA /* PSCollectionViewCell.m */; };
		3885C8FB1BE8E96A009441EA /* README.md in Sources */ = {isa = PBXBuildFile; fileRef = 3885C8F61BE8E96A009441EA /* README.md */; };
		3885C8FD1BE8EA26009441EA /* SystemConfiguration.framework in Frameworks */ = {isa = PBXBuildFile; fileRef = 3885C8FC1BE8EA26009441EA /* SystemConfiguration.framework */; };
		3885C8FF1BE8EA46009441EA /* Security.framework in Frameworks */ = {isa = PBXBuildFile; fileRef = 3885C8FE1BE8EA46009441EA /* Security.framework */; };
		3885C9011BE8EA4E009441EA /* libiconv.tbd in Frameworks */ = {isa = PBXBuildFile; fileRef = 3885C9001BE8EA4E009441EA /* libiconv.tbd */; };
		3885C9031BE8EA54009441EA /* CoreGraphics.framework in Frameworks */ = {isa = PBXBuildFile; fileRef = 3885C9021BE8EA54009441EA /* CoreGraphics.framework */; };
		3885C9051BE8EA5C009441EA /* libsqlite3.tbd in Frameworks */ = {isa = PBXBuildFile; fileRef = 3885C9041BE8EA5C009441EA /* libsqlite3.tbd */; };
		3885C9071BE8EA62009441EA /* CoreTelephony.framework in Frameworks */ = {isa = PBXBuildFile; fileRef = 3885C9061BE8EA62009441EA /* CoreTelephony.framework */; };
		3885C9091BE8EA6A009441EA /* libstdc++.tbd in Frameworks */ = {isa = PBXBuildFile; fileRef = 3885C9081BE8EA6A009441EA /* libstdc++.tbd */; };
		3885C90B1BE8EA70009441EA /* libz.tbd in Frameworks */ = {isa = PBXBuildFile; fileRef = 3885C90A1BE8EA70009441EA /* libz.tbd */; };
		3886C0981BD748830014E661 /* main.m in Sources */ = {isa = PBXBuildFile; fileRef = 3886C0971BD748830014E661 /* main.m */; };
		3886C09B1BD748830014E661 /* AppDelegate.m in Sources */ = {isa = PBXBuildFile; fileRef = 3886C09A1BD748830014E661 /* AppDelegate.m */; };
		3886C0A11BD748830014E661 /* Main.storyboard in Resources */ = {isa = PBXBuildFile; fileRef = 3886C09F1BD748830014E661 /* Main.storyboard */; };
		3886C0A31BD748830014E661 /* Assets.xcassets in Resources */ = {isa = PBXBuildFile; fileRef = 3886C0A21BD748830014E661 /* Assets.xcassets */; };
		3886C0AE1BD749A00014E661 /* LaunchScreen.xib in Resources */ = {isa = PBXBuildFile; fileRef = 3886C0AD1BD749A00014E661 /* LaunchScreen.xib */; };
		3886C0BB1BD74AE90014E661 /* BaseViewModel.m in Sources */ = {isa = PBXBuildFile; fileRef = 3886C0BA1BD74AE90014E661 /* BaseViewModel.m */; };
		3886C0BE1BD74AFE0014E661 /* BaseNetManager.m in Sources */ = {isa = PBXBuildFile; fileRef = 3886C0BD1BD74AFE0014E661 /* BaseNetManager.m */; };
		3886C0C11BD74B090014E661 /* BaseModel.m in Sources */ = {isa = PBXBuildFile; fileRef = 3886C0C01BD74B090014E661 /* BaseModel.m */; };
/* End PBXBuildFile section */

/* Begin PBXFileReference section */
		18AAD4F51D3CDE9800B33C74 /* Poetry.bundle */ = {isa = PBXFileReference; lastKnownFileType = "wrapper.plug-in"; path = Poetry.bundle; sourceTree = "<group>"; };
		18AAD4F71D3D0FFF00B33C74 /* KindModel.h */ = {isa = PBXFileReference; fileEncoding = 4; lastKnownFileType = sourcecode.c.h; path = KindModel.h; sourceTree = "<group>"; };
		18AAD4F81D3D0FFF00B33C74 /* KindModel.m */ = {isa = PBXFileReference; fileEncoding = 4; lastKnownFileType = sourcecode.c.objc; path = KindModel.m; sourceTree = "<group>"; };
		18AAD4FA1D3D176E00B33C74 /* KindViewModel.h */ = {isa = PBXFileReference; fileEncoding = 4; lastKnownFileType = sourcecode.c.h; path = KindViewModel.h; sourceTree = "<group>"; };
		18AAD4FB1D3D176E00B33C74 /* KindViewModel.m */ = {isa = PBXFileReference; fileEncoding = 4; lastKnownFileType = sourcecode.c.objc; path = KindViewModel.m; sourceTree = "<group>"; };
		18AAD4FD1D3DCBAA00B33C74 /* PoetryViewController.h */ = {isa = PBXFileReference; fileEncoding = 4; lastKnownFileType = sourcecode.c.h; path = PoetryViewController.h; sourceTree = "<group>"; };
		18AAD4FE1D3DCBAA00B33C74 /* PoetryViewController.m */ = {isa = PBXFileReference; fileEncoding = 4; lastKnownFileType = sourcecode.c.objc; path = PoetryViewController.m; sourceTree = "<group>"; };
		18AAD5091D3E067E00B33C74 /* LeftViewController.h */ = {isa = PBXFileReference; fileEncoding = 4; lastKnownFileType = sourcecode.c.h; path = LeftViewController.h; sourceTree = "<group>"; };
		18AAD50A1D3E067E00B33C74 /* LeftViewController.m */ = {isa = PBXFileReference; fileEncoding = 4; lastKnownFileType = sourcecode.c.objc; path = LeftViewController.m; sourceTree = "<group>"; };
		18AAD50C1D3E06A800B33C74 /* GameInfoViewController.h */ = {isa = PBXFileReference; fileEncoding = 4; lastKnownFileType = sourcecode.c.h; path = GameInfoViewController.h; sourceTree = "<group>"; };
		18AAD50D1D3E06A800B33C74 /* GameInfoViewController.m */ = {isa = PBXFileReference; fileEncoding = 4; lastKnownFileType = sourcecode.c.objc; path = GameInfoViewController.m; sourceTree = "<group>"; };
		18AAD50F1D3E0F7A00B33C74 /* GameInfoListViewController.h */ = {isa = PBXFileReference; fileEncoding = 4; lastKnownFileType = sourcecode.c.h; path = GameInfoListViewController.h; sourceTree = "<group>"; };
		18AAD5101D3E0F7A00B33C74 /* GameInfoListViewController.m */ = {isa = PBXFileReference; fileEncoding = 4; lastKnownFileType = sourcecode.c.objc; path = GameInfoListViewController.m; sourceTree = "<group>"; };
		18AAD5121D3E0FE400B33C74 /* GameInfoHtmlViewController.h */ = {isa = PBXFileReference; fileEncoding = 4; lastKnownFileType = sourcecode.c.h; path = GameInfoHtmlViewController.h; sourceTree = "<group>"; };
		18AAD5131D3E0FE400B33C74 /* GameInfoHtmlViewController.m */ = {isa = PBXFileReference; fileEncoding = 4; lastKnownFileType = sourcecode.c.objc; path = GameInfoHtmlViewController.m; sourceTree = "<group>"; };
		18AAD5151D3E101000B33C74 /* GameInfoPicViewController.h */ = {isa = PBXFileReference; fileEncoding = 4; lastKnownFileType = sourcecode.c.h; path = GameInfoPicViewController.h; sourceTree = "<group>"; };
		18AAD5161D3E101000B33C74 /* GameInfoPicViewController.m */ = {isa = PBXFileReference; fileEncoding = 4; lastKnownFileType = sourcecode.c.objc; path = GameInfoPicViewController.m; sourceTree = "<group>"; };
		18AAD5181D3E108100B33C74 /* GameInfoViewModel.h */ = {isa = PBXFileReference; fileEncoding = 4; lastKnownFileType = sourcecode.c.h; path = GameInfoViewModel.h; sourceTree = "<group>"; };
		18AAD5191D3E108100B33C74 /* GameInfoViewModel.m */ = {isa = PBXFileReference; fileEncoding = 4; lastKnownFileType = sourcecode.c.objc; path = GameInfoViewModel.m; sourceTree = "<group>"; };
		18AAD51B1D3E10A200B33C74 /* GameInfoPicViewModel.h */ = {isa = PBXFileReference; fileEncoding = 4; lastKnownFileType = sourcecode.c.h; path = GameInfoPicViewModel.h; sourceTree = "<group>"; };
		18AAD51C1D3E10A200B33C74 /* GameInfoPicViewModel.m */ = {isa = PBXFileReference; fileEncoding = 4; lastKnownFileType = sourcecode.c.objc; path = GameInfoPicViewModel.m; sourceTree = "<group>"; };
		18AAD51E1D3E10EC00B33C74 /* GameInfoNetManager.h */ = {isa = PBXFileReference; fileEncoding = 4; lastKnownFileType = sourcecode.c.h; path = GameInfoNetManager.h; sourceTree = "<group>"; };
		18AAD51F1D3E10EC00B33C74 /* GameInfoNetManager.m */ = {isa = PBXFileReference; fileEncoding = 4; lastKnownFileType = sourcecode.c.objc; path = GameInfoNetManager.m; sourceTree = "<group>"; };
		18AAD5211D3E113700B33C74 /* GameInfoModel.h */ = {isa = PBXFileReference; fileEncoding = 4; lastKnownFileType = sourcecode.c.h; path = GameInfoModel.h; sourceTree = "<group>"; };
		18AAD5221D3E113700B33C74 /* GameInfoModel.m */ = {isa = PBXFileReference; fileEncoding = 4; lastKnownFileType = sourcecode.c.objc; path = GameInfoModel.m; sourceTree = "<group>"; };
		18AAD5241D3E115200B33C74 /* GameInfoPicModel.h */ = {isa = PBXFileReference; fileEncoding = 4; lastKnownFileType = sourcecode.c.h; path = GameInfoPicModel.h; sourceTree = "<group>"; };
		18AAD5251D3E115200B33C74 /* GameInfoPicModel.m */ = {isa = PBXFileReference; fileEncoding = 4; lastKnownFileType = sourcecode.c.objc; path = GameInfoPicModel.m; sourceTree = "<group>"; };
		18AAD5271D3E151D00B33C74 /* LOLViewController.h */ = {isa = PBXFileReference; fileEncoding = 4; lastKnownFileType = sourcecode.c.h; path = LOLViewController.h; sourceTree = "<group>"; };
		18AAD5281D3E151D00B33C74 /* LOLViewController.m */ = {isa = PBXFileReference; fileEncoding = 4; lastKnownFileType = sourcecode.c.objc; path = LOLViewController.m; sourceTree = "<group>"; };
		18AAD52A1D3E1C9A00B33C74 /* Factory.h */ = {isa = PBXFileReference; fileEncoding = 4; lastKnownFileType = sourcecode.c.h; path = Factory.h; sourceTree = "<group>"; };
		18AAD52B1D3E1C9A00B33C74 /* Factory.m */ = {isa = PBXFileReference; fileEncoding = 4; lastKnownFileType = sourcecode.c.objc; path = Factory.m; sourceTree = "<group>"; };
		18AAD52D1D3E297C00B33C74 /* GameInfoListCell.h */ = {isa = PBXFileReference; fileEncoding = 4; lastKnownFileType = sourcecode.c.h; path = GameInfoListCell.h; sourceTree = "<group>"; };
		18AAD52E1D3E297C00B33C74 /* GameInfoListCell.m */ = {isa = PBXFileReference; fileEncoding = 4; lastKnownFileType = sourcecode.c.objc; path = GameInfoListCell.m; sourceTree = "<group>"; };
		18AAD5301D3E29BB00B33C74 /* TRImageView.h */ = {isa = PBXFileReference; fileEncoding = 4; lastKnownFileType = sourcecode.c.h; path = TRImageView.h; sourceTree = "<group>"; };
		18AAD5311D3E29BB00B33C74 /* TRImageView.m */ = {isa = PBXFileReference; fileEncoding = 4; lastKnownFileType = sourcecode.c.objc; path = TRImageView.m; sourceTree = "<group>"; };
		18AAD5331D3E2A3700B33C74 /* GameInfoImageCell.h */ = {isa = PBXFileReference; fileEncoding = 4; lastKnownFileType = sourcecode.c.h; path = GameInfoImageCell.h; sourceTree = "<group>"; };
		18AAD5341D3E2A3700B33C74 /* GameInfoImageCell.m */ = {isa = PBXFileReference; fileEncoding = 4; lastKnownFileType = sourcecode.c.objc; path = GameInfoImageCell.m; sourceTree = "<group>"; };
		18D37F781D3E752B005D046B /* KindIntroViewController.h */ = {isa = PBXFileReference; fileEncoding = 4; lastKnownFileType = sourcecode.c.h; path = KindIntroViewController.h; sourceTree = "<group>"; };
		18D37F791D3E752B005D046B /* KindIntroViewController.m */ = {isa = PBXFileReference; fileEncoding = 4; lastKnownFileType = sourcecode.c.objc; path = KindIntroViewController.m; sourceTree = "<group>"; };
		18D37F7B1D3F357D005D046B /* PoetryListViewController.h */ = {isa = PBXFileReference; fileEncoding = 4; lastKnownFileType = sourcecode.c.h; path = PoetryListViewController.h; sourceTree = "<group>"; };
		18D37F7C1D3F357D005D046B /* PoetryListViewController.m */ = {isa = PBXFileReference; fileEncoding = 4; lastKnownFileType = sourcecode.c.objc; path = PoetryListViewController.m; sourceTree = "<group>"; };
		18D37F7E1D3F35D9005D046B /* PoetryModel.h */ = {isa = PBXFileReference; fileEncoding = 4; lastKnownFileType = sourcecode.c.h; path = PoetryModel.h; sourceTree = "<group>"; };
		18D37F7F1D3F35D9005D046B /* PoetryModel.m */ = {isa = PBXFileReference; fileEncoding = 4; lastKnownFileType = sourcecode.c.objc; path = PoetryModel.m; sourceTree = "<group>"; };
		18D37F811D3F3D0C005D046B /* PoetryViewModel.h */ = {isa = PBXFileReference; fileEncoding = 4; lastKnownFileType = sourcecode.c.h; path = PoetryViewModel.h; sourceTree = "<group>"; };
		18D37F821D3F3D0C005D046B /* PoetryViewModel.m */ = {isa = PBXFileReference; fileEncoding = 4; lastKnownFileType = sourcecode.c.objc; path = PoetryViewModel.m; sourceTree = "<group>"; };
		18D37F841D3F4F48005D046B /* PoetryDetailViewController.h */ = {isa = PBXFileReference; fileEncoding = 4; lastKnownFileType = sourcecode.c.h; path = PoetryDetailViewController.h; sourceTree = "<group>"; };
		18D37F851D3F4F48005D046B /* PoetryDetailViewController.m */ = {isa = PBXFileReference; fileEncoding = 4; lastKnownFileType = sourcecode.c.objc; path = PoetryDetailViewController.m; sourceTree = "<group>"; };
		18D37F871D3F7335005D046B /* SearchPoetryViewModel.h */ = {isa = PBXFileReference; fileEncoding = 4; lastKnownFileType = sourcecode.c.h; path = SearchPoetryViewModel.h; sourceTree = "<group>"; };
		18D37F881D3F7335005D046B /* SearchPoetryViewModel.m */ = {isa = PBXFileReference; fileEncoding = 4; lastKnownFileType = sourcecode.c.objc; path = SearchPoetryViewModel.m; sourceTree = "<group>"; };
		218423E71B9FA0C3179DF394 /* Pods-BaseProject.release.xcconfig */ = {isa = PBXFileReference; includeInIndex = 1; lastKnownFileType = text.xcconfig; name = "Pods-BaseProject.release.xcconfig"; path = "Pods/Target Support Files/Pods-BaseProject/Pods-BaseProject.release.xcconfig"; sourceTree = "<group>"; };
		3804CE491BD758F10046C8C8 /* AppDelegate+Category.h */ = {isa = PBXFileReference; fileEncoding = 4; lastKnownFileType = sourcecode.c.h; path = "AppDelegate+Category.h"; sourceTree = "<group>"; };
		3804CE4A1BD758F10046C8C8 /* AppDelegate+Category.m */ = {isa = PBXFileReference; fileEncoding = 4; lastKnownFileType = sourcecode.c.objc; path = "AppDelegate+Category.m"; sourceTree = "<group>"; };
		3804CE4B1BD758F10046C8C8 /* NSObject+Common.h */ = {isa = PBXFileReference; fileEncoding = 4; lastKnownFileType = sourcecode.c.h; path = "NSObject+Common.h"; sourceTree = "<group>"; };
		3804CE4C1BD758F10046C8C8 /* NSObject+Common.m */ = {isa = PBXFileReference; fileEncoding = 4; lastKnownFileType = sourcecode.c.objc; path = "NSObject+Common.m"; sourceTree = "<group>"; };
		3804CE4D1BD758F10046C8C8 /* NSString+PJR.h */ = {isa = PBXFileReference; fileEncoding = 4; lastKnownFileType = sourcecode.c.h; path = "NSString+PJR.h"; sourceTree = "<group>"; };
		3804CE4E1BD758F10046C8C8 /* NSString+PJR.m */ = {isa = PBXFileReference; fileEncoding = 4; lastKnownFileType = sourcecode.c.objc; path = "NSString+PJR.m"; sourceTree = "<group>"; };
		3804CE4F1BD758F10046C8C8 /* NSString+QRCode.h */ = {isa = PBXFileReference; fileEncoding = 4; lastKnownFileType = sourcecode.c.h; path = "NSString+QRCode.h"; sourceTree = "<group>"; };
		3804CE501BD758F10046C8C8 /* NSString+QRCode.m */ = {isa = PBXFileReference; fileEncoding = 4; lastKnownFileType = sourcecode.c.objc; path = "NSString+QRCode.m"; sourceTree = "<group>"; };
		3879FE801BDFA8E100A99990 /* libsqlite3.0.tbd */ = {isa = PBXFileReference; lastKnownFileType = "sourcecode.text-based-dylib-definition"; name = libsqlite3.0.tbd; path = usr/lib/libsqlite3.0.tbd; sourceTree = SDKROOT; };
		3879FE9D1BDFDD2400A99990 /* zh-Hans */ = {isa = PBXFileReference; lastKnownFileType = text.plist.strings; name = "zh-Hans"; path = "zh-Hans.lproj/Main.strings"; sourceTree = "<group>"; };
		3885C8961BE8E88D009441EA /* iCarousel.h */ = {isa = PBXFileReference; fileEncoding = 4; lastKnownFileType = sourcecode.c.h; path = iCarousel.h; sourceTree = "<group>"; };
		3885C8971BE8E88D009441EA /* iCarousel.m */ = {isa = PBXFileReference; fileEncoding = 4; lastKnownFileType = sourcecode.c.objc; path = iCarousel.m; sourceTree = "<group>"; };
		3885C8F01BE8E96A009441EA /* .gitignore */ = {isa = PBXFileReference; fileEncoding = 4; lastKnownFileType = text; path = .gitignore; sourceTree = "<group>"; };
		3885C8F11BE8E96A009441EA /* LICENSE */ = {isa = PBXFileReference; fileEncoding = 4; lastKnownFileType = text; path = LICENSE; sourceTree = "<group>"; };
		3885C8F21BE8E96A009441EA /* PSCollectionView.h */ = {isa = PBXFileReference; fileEncoding = 4; lastKnownFileType = sourcecode.c.h; path = PSCollectionView.h; sourceTree = "<group>"; };
		3885C8F31BE8E96A009441EA /* PSCollectionView.m */ = {isa = PBXFileReference; fileEncoding = 4; lastKnownFileType = sourcecode.c.objc; path = PSCollectionView.m; sourceTree = "<group>"; };
		3885C8F41BE8E96A009441EA /* PSCollectionViewCell.h */ = {isa = PBXFileReference; fileEncoding = 4; lastKnownFileType = sourcecode.c.h; path = PSCollectionViewCell.h; sourceTree = "<group>"; };
		3885C8F51BE8E96A009441EA /* PSCollectionViewCell.m */ = {isa = PBXFileReference; fileEncoding = 4; lastKnownFileType = sourcecode.c.objc; path = PSCollectionViewCell.m; sourceTree = "<group>"; };
		3885C8F61BE8E96A009441EA /* README.md */ = {isa = PBXFileReference; fileEncoding = 4; lastKnownFileType = net.daringfireball.markdown; path = README.md; sourceTree = "<group>"; };
		3885C8FC1BE8EA26009441EA /* SystemConfiguration.framework */ = {isa = PBXFileReference; lastKnownFileType = wrapper.framework; name = SystemConfiguration.framework; path = System/Library/Frameworks/SystemConfiguration.framework; sourceTree = SDKROOT; };
		3885C8FE1BE8EA46009441EA /* Security.framework */ = {isa = PBXFileReference; lastKnownFileType = wrapper.framework; name = Security.framework; path = System/Library/Frameworks/Security.framework; sourceTree = SDKROOT; };
		3885C9001BE8EA4E009441EA /* libiconv.tbd */ = {isa = PBXFileReference; lastKnownFileType = "sourcecode.text-based-dylib-definition"; name = libiconv.tbd; path = usr/lib/libiconv.tbd; sourceTree = SDKROOT; };
		3885C9021BE8EA54009441EA /* CoreGraphics.framework */ = {isa = PBXFileReference; lastKnownFileType = wrapper.framework; name = CoreGraphics.framework; path = System/Library/Frameworks/CoreGraphics.framework; sourceTree = SDKROOT; };
		3885C9041BE8EA5C009441EA /* libsqlite3.tbd */ = {isa = PBXFileReference; lastKnownFileType = "sourcecode.text-based-dylib-definition"; name = libsqlite3.tbd; path = usr/lib/libsqlite3.tbd; sourceTree = SDKROOT; };
		3885C9061BE8EA62009441EA /* CoreTelephony.framework */ = {isa = PBXFileReference; lastKnownFileType = wrapper.framework; name = CoreTelephony.framework; path = System/Library/Frameworks/CoreTelephony.framework; sourceTree = SDKROOT; };
		3885C9081BE8EA6A009441EA /* libstdc++.tbd */ = {isa = PBXFileReference; lastKnownFileType = "sourcecode.text-based-dylib-definition"; name = "libstdc++.tbd"; path = "usr/lib/libstdc++.tbd"; sourceTree = SDKROOT; };
		3885C90A1BE8EA70009441EA /* libz.tbd */ = {isa = PBXFileReference; lastKnownFileType = "sourcecode.text-based-dylib-definition"; name = libz.tbd; path = usr/lib/libz.tbd; sourceTree = SDKROOT; };
		3886C0931BD748830014E661 /* BaseProject.app */ = {isa = PBXFileReference; explicitFileType = wrapper.application; includeInIndex = 0; path = BaseProject.app; sourceTree = BUILT_PRODUCTS_DIR; };
		3886C0971BD748830014E661 /* main.m */ = {isa = PBXFileReference; lastKnownFileType = sourcecode.c.objc; path = main.m; sourceTree = "<group>"; };
		3886C0991BD748830014E661 /* AppDelegate.h */ = {isa = PBXFileReference; lastKnownFileType = sourcecode.c.h; path = AppDelegate.h; sourceTree = "<group>"; };
		3886C09A1BD748830014E661 /* AppDelegate.m */ = {isa = PBXFileReference; lastKnownFileType = sourcecode.c.objc; path = AppDelegate.m; sourceTree = "<group>"; };
		3886C0A01BD748830014E661 /* Base */ = {isa = PBXFileReference; lastKnownFileType = file.storyboard; name = Base; path = Base.lproj/Main.storyboard; sourceTree = "<group>"; };
		3886C0A21BD748830014E661 /* Assets.xcassets */ = {isa = PBXFileReference; lastKnownFileType = folder.assetcatalog; name = Assets.xcassets; path = ../Assets.xcassets; sourceTree = "<group>"; };
		3886C0A71BD748830014E661 /* Info.plist */ = {isa = PBXFileReference; lastKnownFileType = text.plist.xml; path = Info.plist; sourceTree = "<group>"; };
		3886C0AD1BD749A00014E661 /* LaunchScreen.xib */ = {isa = PBXFileReference; fileEncoding = 4; lastKnownFileType = file.xib; name = LaunchScreen.xib; path = ../LaunchScreen.xib; sourceTree = "<group>"; };
		3886C0B81BD74A700014E661 /* PrefixHeader.pch */ = {isa = PBXFileReference; lastKnownFileType = sourcecode.c.h; path = PrefixHeader.pch; sourceTree = "<group>"; };
		3886C0B91BD74AE90014E661 /* BaseViewModel.h */ = {isa = PBXFileReference; fileEncoding = 4; lastKnownFileType = sourcecode.c.h; path = BaseViewModel.h; sourceTree = "<group>"; };
		3886C0BA1BD74AE90014E661 /* BaseViewModel.m */ = {isa = PBXFileReference; fileEncoding = 4; lastKnownFileType = sourcecode.c.objc; path = BaseViewModel.m; sourceTree = "<group>"; };
		3886C0BC1BD74AFE0014E661 /* BaseNetManager.h */ = {isa = PBXFileReference; fileEncoding = 4; lastKnownFileType = sourcecode.c.h; path = BaseNetManager.h; sourceTree = "<group>"; };
		3886C0BD1BD74AFE0014E661 /* BaseNetManager.m */ = {isa = PBXFileReference; fileEncoding = 4; lastKnownFileType = sourcecode.c.objc; path = BaseNetManager.m; sourceTree = "<group>"; };
		3886C0BF1BD74B090014E661 /* BaseModel.h */ = {isa = PBXFileReference; fileEncoding = 4; lastKnownFileType = sourcecode.c.h; path = BaseModel.h; sourceTree = "<group>"; };
		3886C0C01BD74B090014E661 /* BaseModel.m */ = {isa = PBXFileReference; fileEncoding = 4; lastKnownFileType = sourcecode.c.objc; path = BaseModel.m; sourceTree = "<group>"; };
		3886C0C21BD74B430014E661 /* Constants.h */ = {isa = PBXFileReference; lastKnownFileType = sourcecode.c.h; path = Constants.h; sourceTree = "<group>"; };
		74C1BC7569ACEE2D7BF41516 /* Pods-BaseProject.debug.xcconfig */ = {isa = PBXFileReference; includeInIndex = 1; lastKnownFileType = text.xcconfig; name = "Pods-BaseProject.debug.xcconfig"; path = "Pods/Target Support Files/Pods-BaseProject/Pods-BaseProject.debug.xcconfig"; sourceTree = "<group>"; };
		847027E429826FFA29696D42 /* libPods-BaseProject.a */ = {isa = PBXFileReference; explicitFileType = archive.ar; includeInIndex = 0; path = "libPods-BaseProject.a"; sourceTree = BUILT_PRODUCTS_DIR; };
/* End PBXFileReference section */

/* Begin PBXFrameworksBuildPhase section */
		3886C0901BD748830014E661 /* Frameworks */ = {
			isa = PBXFrameworksBuildPhase;
			buildActionMask = 2147483647;
			files = (
				3885C90B1BE8EA70009441EA /* libz.tbd in Frameworks */,
				3885C9091BE8EA6A009441EA /* libstdc++.tbd in Frameworks */,
				3885C9071BE8EA62009441EA /* CoreTelephony.framework in Frameworks */,
				3885C9051BE8EA5C009441EA /* libsqlite3.tbd in Frameworks */,
				3885C9031BE8EA54009441EA /* CoreGraphics.framework in Frameworks */,
				3885C9011BE8EA4E009441EA /* libiconv.tbd in Frameworks */,
				3885C8FF1BE8EA46009441EA /* Security.framework in Frameworks */,
				3885C8FD1BE8EA26009441EA /* SystemConfiguration.framework in Frameworks */,
				3879FE811BDFA8E100A99990 /* libsqlite3.0.tbd in Frameworks */,
				212437CF0CF61B8290DED0FB /* libPods-BaseProject.a in Frameworks */,
			);
			runOnlyForDeploymentPostprocessing = 0;
		};
/* End PBXFrameworksBuildPhase section */

/* Begin PBXGroup section */
		18AAD4ED1D3CCB8400B33C74 /* 诗词歌赋 */ = {
			isa = PBXGroup;
			children = (
				18AAD4FA1D3D176E00B33C74 /* KindViewModel.h */,
				18AAD4FB1D3D176E00B33C74 /* KindViewModel.m */,
				18D37F811D3F3D0C005D046B /* PoetryViewModel.h */,
				18D37F821D3F3D0C005D046B /* PoetryViewModel.m */,
				18D37F871D3F7335005D046B /* SearchPoetryViewModel.h */,
				18D37F881D3F7335005D046B /* SearchPoetryViewModel.m */,
			);
			path = "诗词歌赋";
			sourceTree = "<group>";
		};
		18AAD4EE1D3CCB9F00B33C74 /* 音频视频 */ = {
			isa = PBXGroup;
			children = (
			);
			path = "音频视频";
			sourceTree = "<group>";
		};
		18AAD4EF1D3CCBAF00B33C74 /* 英雄联盟 */ = {
			isa = PBXGroup;
			children = (
			);
			path = "英雄联盟";
			sourceTree = "<group>";
		};
		18AAD4F01D3CCBB900B33C74 /* 游戏资讯 */ = {
			isa = PBXGroup;
			children = (
				18AAD5181D3E108100B33C74 /* GameInfoViewModel.h */,
				18AAD5191D3E108100B33C74 /* GameInfoViewModel.m */,
				18AAD51B1D3E10A200B33C74 /* GameInfoPicViewModel.h */,
				18AAD51C1D3E10A200B33C74 /* GameInfoPicViewModel.m */,
			);
			path = "游戏资讯";
			sourceTree = "<group>";
		};
		18AAD4F11D3CCBDC00B33C74 /* 诗词歌赋 */ = {
			isa = PBXGroup;
			children = (
				18AAD4FD1D3DCBAA00B33C74 /* PoetryViewController.h */,
				18AAD4FE1D3DCBAA00B33C74 /* PoetryViewController.m */,
				18D37F781D3E752B005D046B /* KindIntroViewController.h */,
				18D37F791D3E752B005D046B /* KindIntroViewController.m */,
				18D37F7B1D3F357D005D046B /* PoetryListViewController.h */,
				18D37F7C1D3F357D005D046B /* PoetryListViewController.m */,
				18D37F841D3F4F48005D046B /* PoetryDetailViewController.h */,
				18D37F851D3F4F48005D046B /* PoetryDetailViewController.m */,
			);
			path = "诗词歌赋";
			sourceTree = "<group>";
		};
		18AAD4F21D3CCBE900B33C74 /* 音频视频 */ = {
			isa = PBXGroup;
			children = (
			);
			name = "音频视频";
			sourceTree = "<group>";
		};
		18AAD4F31D3CCBF600B33C74 /* 英雄联盟 */ = {
			isa = PBXGroup;
			children = (
				18AAD5271D3E151D00B33C74 /* LOLViewController.h */,
				18AAD5281D3E151D00B33C74 /* LOLViewController.m */,
			);
			name = "英雄联盟";
			path = "音频视频";
			sourceTree = "<group>";
		};
		18AAD4F41D3CCC0200B33C74 /* 游戏资讯 */ = {
			isa = PBXGroup;
			children = (
				18AAD50C1D3E06A800B33C74 /* GameInfoViewController.h */,
				18AAD50D1D3E06A800B33C74 /* GameInfoViewController.m */,
				18AAD50F1D3E0F7A00B33C74 /* GameInfoListViewController.h */,
				18AAD5101D3E0F7A00B33C74 /* GameInfoListViewController.m */,
				18AAD5121D3E0FE400B33C74 /* GameInfoHtmlViewController.h */,
				18AAD5131D3E0FE400B33C74 /* GameInfoHtmlViewController.m */,
				18AAD5151D3E101000B33C74 /* GameInfoPicViewController.h */,
				18AAD5161D3E101000B33C74 /* GameInfoPicViewController.m */,
			);
			path = "游戏资讯";
			sourceTree = "<group>";
		};
		18D37A6F1D3CC8B700FC5E9A /* 诗词歌赋 */ = {
			isa = PBXGroup;
			children = (
				18AAD4F71D3D0FFF00B33C74 /* KindModel.h */,
				18AAD4F81D3D0FFF00B33C74 /* KindModel.m */,
				18D37F7E1D3F35D9005D046B /* PoetryModel.h */,
				18D37F7F1D3F35D9005D046B /* PoetryModel.m */,
			);
			path = "诗词歌赋";
			sourceTree = "<group>";
		};
		18D37A701D3CC8B700FC5E9A /* 音频视频 */ = {
			isa = PBXGroup;
			children = (
			);
			path = "音频视频";
			sourceTree = "<group>";
		};
		18D37A711D3CC8B700FC5E9A /* 英雄联盟 */ = {
			isa = PBXGroup;
			children = (
			);
			path = "英雄联盟";
			sourceTree = "<group>";
		};
		18D37A721D3CC8B700FC5E9A /* 游戏资讯 */ = {
			isa = PBXGroup;
			children = (
				18AAD5211D3E113700B33C74 /* GameInfoModel.h */,
				18AAD5221D3E113700B33C74 /* GameInfoModel.m */,
				18AAD5241D3E115200B33C74 /* GameInfoPicModel.h */,
				18AAD5251D3E115200B33C74 /* GameInfoPicModel.m */,
			);
			path = "游戏资讯";
			sourceTree = "<group>";
		};
		3804CE481BD758F10046C8C8 /* Category */ = {
			isa = PBXGroup;
			children = (
				3804CE491BD758F10046C8C8 /* AppDelegate+Category.h */,
				3804CE4A1BD758F10046C8C8 /* AppDelegate+Category.m */,
				3804CE4B1BD758F10046C8C8 /* NSObject+Common.h */,
				3804CE4C1BD758F10046C8C8 /* NSObject+Common.m */,
				3804CE4D1BD758F10046C8C8 /* NSString+PJR.h */,
				3804CE4E1BD758F10046C8C8 /* NSString+PJR.m */,
				3804CE4F1BD758F10046C8C8 /* NSString+QRCode.h */,
				3804CE501BD758F10046C8C8 /* NSString+QRCode.m */,
			);
			path = Category;
			sourceTree = "<group>";
		};
		3885C8951BE8E88D009441EA /* iCarousel */ = {
			isa = PBXGroup;
			children = (
				3885C8961BE8E88D009441EA /* iCarousel.h */,
				3885C8971BE8E88D009441EA /* iCarousel.m */,
			);
			path = iCarousel;
			sourceTree = "<group>";
		};
		3885C8EF1BE8E96A009441EA /* PSCollectionView-master */ = {
			isa = PBXGroup;
			children = (
				3885C8F01BE8E96A009441EA /* .gitignore */,
				3885C8F11BE8E96A009441EA /* LICENSE */,
				3885C8F21BE8E96A009441EA /* PSCollectionView.h */,
				3885C8F31BE8E96A009441EA /* PSCollectionView.m */,
				3885C8F41BE8E96A009441EA /* PSCollectionViewCell.h */,
				3885C8F51BE8E96A009441EA /* PSCollectionViewCell.m */,
				3885C8F61BE8E96A009441EA /* README.md */,
			);
			path = "PSCollectionView-master";
			sourceTree = "<group>";
		};
		3886C08A1BD748830014E661 = {
			isa = PBXGroup;
			children = (
				3886C0951BD748830014E661 /* BaseProject */,
				3886C0941BD748830014E661 /* Products */,
				FA3445AEA3874C1D4FE61EAF /* Frameworks */,
				5BE5998E1D8EF379FB0B6AE5 /* Pods */,
			);
			sourceTree = "<group>";
		};
		3886C0941BD748830014E661 /* Products */ = {
			isa = PBXGroup;
			children = (
				3886C0931BD748830014E661 /* BaseProject.app */,
			);
			name = Products;
			sourceTree = "<group>";
		};
		3886C0951BD748830014E661 /* BaseProject */ = {
			isa = PBXGroup;
			children = (
				3886C0AF1BD74A4A0014E661 /* Define */,
				3886C0B01BD74A4A0014E661 /* Model */,
				3886C0B11BD74A4A0014E661 /* NetManager */,
				3886C0B21BD74A4A0014E661 /* Resource */,
				3886C0B31BD74A4A0014E661 /* Util */,
				3886C0B41BD74A4A0014E661 /* Vendor */,
				3886C0B51BD74A4A0014E661 /* View */,
				3886C0B61BD74A4A0014E661 /* ViewController */,
				3886C0B71BD74A4A0014E661 /* ViewModel */,
				3886C0991BD748830014E661 /* AppDelegate.h */,
				3886C09A1BD748830014E661 /* AppDelegate.m */,
				3886C0961BD748830014E661 /* Supporting Files */,
			);
			path = BaseProject;
			sourceTree = "<group>";
		};
		3886C0961BD748830014E661 /* Supporting Files */ = {
			isa = PBXGroup;
			children = (
				3886C0A71BD748830014E661 /* Info.plist */,
				3886C0971BD748830014E661 /* main.m */,
			);
			name = "Supporting Files";
			sourceTree = "<group>";
		};
		3886C0AF1BD74A4A0014E661 /* Define */ = {
			isa = PBXGroup;
			children = (
				3886C0C21BD74B430014E661 /* Constants.h */,
			);
			path = Define;
			sourceTree = "<group>";
		};
		3886C0B01BD74A4A0014E661 /* Model */ = {
			isa = PBXGroup;
			children = (
				18D37A6F1D3CC8B700FC5E9A /* 诗词歌赋 */,
				18D37A701D3CC8B700FC5E9A /* 音频视频 */,
				18D37A711D3CC8B700FC5E9A /* 英雄联盟 */,
				18D37A721D3CC8B700FC5E9A /* 游戏资讯 */,
				3886C0BF1BD74B090014E661 /* BaseModel.h */,
				3886C0C01BD74B090014E661 /* BaseModel.m */,
			);
			path = Model;
			sourceTree = "<group>";
		};
		3886C0B11BD74A4A0014E661 /* NetManager */ = {
			isa = PBXGroup;
			children = (
				3886C0BC1BD74AFE0014E661 /* BaseNetManager.h */,
				3886C0BD1BD74AFE0014E661 /* BaseNetManager.m */,
				18AAD51E1D3E10EC00B33C74 /* GameInfoNetManager.h */,
				18AAD51F1D3E10EC00B33C74 /* GameInfoNetManager.m */,
			);
			path = NetManager;
			sourceTree = "<group>";
		};
		3886C0B21BD74A4A0014E661 /* Resource */ = {
			isa = PBXGroup;
			children = (
				18AAD4F51D3CDE9800B33C74 /* Poetry.bundle */,
				3886C0A21BD748830014E661 /* Assets.xcassets */,
				3886C0AD1BD749A00014E661 /* LaunchScreen.xib */,
				3886C09F1BD748830014E661 /* Main.storyboard */,
				3886C0B81BD74A700014E661 /* PrefixHeader.pch */,
			);
			path = Resource;
			sourceTree = "<group>";
		};
		3886C0B31BD74A4A0014E661 /* Util */ = {
			isa = PBXGroup;
			children = (
				18AAD52A1D3E1C9A00B33C74 /* Factory.h */,
				18AAD52B1D3E1C9A00B33C74 /* Factory.m */,
				3804CE481BD758F10046C8C8 /* Category */,
			);
			path = Util;
			sourceTree = "<group>";
		};
		3886C0B41BD74A4A0014E661 /* Vendor */ = {
			isa = PBXGroup;
			children = (
				3885C8EF1BE8E96A009441EA /* PSCollectionView-master */,
				3885C8951BE8E88D009441EA /* iCarousel */,
			);
			path = Vendor;
			sourceTree = "<group>";
		};
		3886C0B51BD74A4A0014E661 /* View */ = {
			isa = PBXGroup;
			children = (
				18AAD5301D3E29BB00B33C74 /* TRImageView.h */,
				18AAD5311D3E29BB00B33C74 /* TRImageView.m */,
				18AAD52D1D3E297C00B33C74 /* GameInfoListCell.h */,
				18AAD52E1D3E297C00B33C74 /* GameInfoListCell.m */,
				18AAD5331D3E2A3700B33C74 /* GameInfoImageCell.h */,
				18AAD5341D3E2A3700B33C74 /* GameInfoImageCell.m */,
			);
			path = View;
			sourceTree = "<group>";
		};
		3886C0B61BD74A4A0014E661 /* ViewController */ = {
			isa = PBXGroup;
			children = (
				18AAD5091D3E067E00B33C74 /* LeftViewController.h */,
				18AAD50A1D3E067E00B33C74 /* LeftViewController.m */,
				18AAD4F41D3CCC0200B33C74 /* 游戏资讯 */,
				18AAD4F31D3CCBF600B33C74 /* 英雄联盟 */,
				18AAD4F21D3CCBE900B33C74 /* 音频视频 */,
				18AAD4F11D3CCBDC00B33C74 /* 诗词歌赋 */,
			);
			path = ViewController;
			sourceTree = "<group>";
		};
		3886C0B71BD74A4A0014E661 /* ViewModel */ = {
			isa = PBXGroup;
			children = (
				18AAD4F01D3CCBB900B33C74 /* 游戏资讯 */,
				18AAD4EF1D3CCBAF00B33C74 /* 英雄联盟 */,
				18AAD4EE1D3CCB9F00B33C74 /* 音频视频 */,
				18AAD4ED1D3CCB8400B33C74 /* 诗词歌赋 */,
				3886C0B91BD74AE90014E661 /* BaseViewModel.h */,
				3886C0BA1BD74AE90014E661 /* BaseViewModel.m */,
			);
			path = ViewModel;
			sourceTree = "<group>";
		};
		5BE5998E1D8EF379FB0B6AE5 /* Pods */ = {
			isa = PBXGroup;
			children = (
				74C1BC7569ACEE2D7BF41516 /* Pods-BaseProject.debug.xcconfig */,
				218423E71B9FA0C3179DF394 /* Pods-BaseProject.release.xcconfig */,
			);
			name = Pods;
			sourceTree = "<group>";
		};
		FA3445AEA3874C1D4FE61EAF /* Frameworks */ = {
			isa = PBXGroup;
			children = (
				3885C90A1BE8EA70009441EA /* libz.tbd */,
				3885C9081BE8EA6A009441EA /* libstdc++.tbd */,
				3885C9061BE8EA62009441EA /* CoreTelephony.framework */,
				3885C9041BE8EA5C009441EA /* libsqlite3.tbd */,
				3885C9021BE8EA54009441EA /* CoreGraphics.framework */,
				3885C9001BE8EA4E009441EA /* libiconv.tbd */,
				3885C8FE1BE8EA46009441EA /* Security.framework */,
				3885C8FC1BE8EA26009441EA /* SystemConfiguration.framework */,
				3879FE801BDFA8E100A99990 /* libsqlite3.0.tbd */,
				847027E429826FFA29696D42 /* libPods-BaseProject.a */,
			);
			name = Frameworks;
			sourceTree = "<group>";
		};
/* End PBXGroup section */

/* Begin PBXNativeTarget section */
		3886C0921BD748830014E661 /* BaseProject */ = {
			isa = PBXNativeTarget;
			buildConfigurationList = 3886C0AA1BD748830014E661 /* Build configuration list for PBXNativeTarget "BaseProject" */;
			buildPhases = (
				1EC672786598E7E41837C8C0 /* [CP] Check Pods Manifest.lock */,
				3886C08F1BD748830014E661 /* Sources */,
				3886C0901BD748830014E661 /* Frameworks */,
				3886C0911BD748830014E661 /* Resources */,
				812E2557813F3483EEF657E1 /* [CP] Embed Pods Frameworks */,
				2BF9BC6388B68DA45D88B863 /* [CP] Copy Pods Resources */,
			);
			buildRules = (
			);
			dependencies = (
			);
			name = BaseProject;
			productName = BaseProject;
			productReference = 3886C0931BD748830014E661 /* BaseProject.app */;
			productType = "com.apple.product-type.application";
		};
/* End PBXNativeTarget section */

/* Begin PBXProject section */
		3886C08B1BD748830014E661 /* Project object */ = {
			isa = PBXProject;
			attributes = {
				LastUpgradeCheck = 0700;
				ORGANIZATIONNAME = Tarena;
				TargetAttributes = {
					3886C0921BD748830014E661 = {
						CreatedOnToolsVersion = 7.0;
						DevelopmentTeam = 29T43SYURW;
					};
				};
			};
			buildConfigurationList = 3886C08E1BD748830014E661 /* Build configuration list for PBXProject "BaseProject" */;
			compatibilityVersion = "Xcode 3.2";
			developmentRegion = English;
			hasScannedForEncodings = 0;
			knownRegions = (
				en,
				Base,
				"zh-Hans",
			);
			mainGroup = 3886C08A1BD748830014E661;
			productRefGroup = 3886C0941BD748830014E661 /* Products */;
			projectDirPath = "";
			projectRoot = "";
			targets = (
				3886C0921BD748830014E661 /* BaseProject */,
			);
		};
/* End PBXProject section */

/* Begin PBXResourcesBuildPhase section */
		3886C0911BD748830014E661 /* Resources */ = {
			isa = PBXResourcesBuildPhase;
			buildActionMask = 2147483647;
			files = (
				18AAD4F61D3CDE9800B33C74 /* Poetry.bundle in Resources */,
				3886C0A31BD748830014E661 /* Assets.xcassets in Resources */,
				3885C8F71BE8E96A009441EA /* .gitignore in Resources */,
				3885C8F81BE8E96A009441EA /* LICENSE in Resources */,
				3886C0AE1BD749A00014E661 /* LaunchScreen.xib in Resources */,
				3886C0A11BD748830014E661 /* Main.storyboard in Resources */,
			);
			runOnlyForDeploymentPostprocessing = 0;
		};
/* End PBXResourcesBuildPhase section */

/* Begin PBXShellScriptBuildPhase section */
		1EC672786598E7E41837C8C0 /* [CP] Check Pods Manifest.lock */ = {
			isa = PBXShellScriptBuildPhase;
			buildActionMask = 2147483647;
			files = (
			);
			inputPaths = (
			);
			name = "[CP] Check Pods Manifest.lock";
			outputPaths = (
			);
			runOnlyForDeploymentPostprocessing = 0;
			shellPath = /bin/sh;
			shellScript = "diff \"${PODS_ROOT}/../Podfile.lock\" \"${PODS_ROOT}/Manifest.lock\" > /dev/null\nif [[ $? != 0 ]] ; then\n    cat << EOM\nerror: The sandbox is not in sync with the Podfile.lock. Run 'pod install' or update your CocoaPods installation.\nEOM\n    exit 1\nfi\n";
			showEnvVarsInLog = 0;
		};
		2BF9BC6388B68DA45D88B863 /* [CP] Copy Pods Resources */ = {
			isa = PBXShellScriptBuildPhase;
			buildActionMask = 2147483647;
			files = (
			);
			inputPaths = (
			);
			name = "[CP] Copy Pods Resources";
			outputPaths = (
			);
			runOnlyForDeploymentPostprocessing = 0;
			shellPath = /bin/sh;
			shellScript = "\"${SRCROOT}/Pods/Target Support Files/Pods-BaseProject/Pods-BaseProject-resources.sh\"\n";
			showEnvVarsInLog = 0;
		};
		812E2557813F3483EEF657E1 /* [CP] Embed Pods Frameworks */ = {
			isa = PBXShellScriptBuildPhase;
			buildActionMask = 2147483647;
			files = (
			);
			inputPaths = (
			);
			name = "[CP] Embed Pods Frameworks";
			outputPaths = (
			);
			runOnlyForDeploymentPostprocessing = 0;
			shellPath = /bin/sh;
			shellScript = "\"${SRCROOT}/Pods/Target Support Files/Pods-BaseProject/Pods-BaseProject-frameworks.sh\"\n";
			showEnvVarsInLog = 0;
		};
/* End PBXShellScriptBuildPhase section */

/* Begin PBXSourcesBuildPhase section */
		3886C08F1BD748830014E661 /* Sources */ = {
			isa = PBXSourcesBuildPhase;
			buildActionMask = 2147483647;
			files = (
				18AAD51A1D3E108100B33C74 /* GameInfoViewModel.m in Sources */,
				18AAD50E1D3E06A800B33C74 /* GameInfoViewController.m in Sources */,
				18AAD5261D3E115200B33C74 /* GameInfoPicModel.m in Sources */,
				3886C0BE1BD74AFE0014E661 /* BaseNetManager.m in Sources */,
				18D37F861D3F4F48005D046B /* PoetryDetailViewController.m in Sources */,
				18AAD5291D3E151D00B33C74 /* LOLViewController.m in Sources */,
				18D37F7A1D3E752B005D046B /* KindIntroViewController.m in Sources */,
				3804CE541BD758F10046C8C8 /* NSString+QRCode.m in Sources */,
				18D37F891D3F7335005D046B /* SearchPoetryViewModel.m in Sources */,
				18D37F831D3F3D0C005D046B /* PoetryViewModel.m in Sources */,
				3885C8FA1BE8E96A009441EA /* PSCollectionViewCell.m in Sources */,
				18D37F801D3F35D9005D046B /* PoetryModel.m in Sources */,
				18AAD4F91D3D0FFF00B33C74 /* KindModel.m in Sources */,
				18AAD4FF1D3DCBAA00B33C74 /* PoetryViewController.m in Sources */,
				3804CE531BD758F10046C8C8 /* NSString+PJR.m in Sources */,
				3885C8F91BE8E96A009441EA /* PSCollectionView.m in Sources */,
				3886C09B1BD748830014E661 /* AppDelegate.m in Sources */,
				3885C8981BE8E88D009441EA /* iCarousel.m in Sources */,
				18AAD50B1D3E067E00B33C74 /* LeftViewController.m in Sources */,
				18AAD5171D3E101000B33C74 /* GameInfoPicViewController.m in Sources */,
				3804CE511BD758F10046C8C8 /* AppDelegate+Category.m in Sources */,
				18AAD5321D3E29BB00B33C74 /* TRImageView.m in Sources */,
				18AAD5111D3E0F7A00B33C74 /* GameInfoListViewController.m in Sources */,
				18AAD5351D3E2A3700B33C74 /* GameInfoImageCell.m in Sources */,
				18AAD5201D3E10EC00B33C74 /* GameInfoNetManager.m in Sources */,
				18AAD51D1D3E10A200B33C74 /* GameInfoPicViewModel.m in Sources */,
				3886C0BB1BD74AE90014E661 /* BaseViewModel.m in Sources */,
				18AAD52C1D3E1C9A00B33C74 /* Factory.m in Sources */,
				18AAD5141D3E0FE400B33C74 /* GameInfoHtmlViewController.m in Sources */,
				3885C8FB1BE8E96A009441EA /* README.md in Sources */,
				18AAD5231D3E113700B33C74 /* GameInfoModel.m in Sources */,
				18D37F7D1D3F357D005D046B /* PoetryListViewController.m in Sources */,
				18AAD4FC1D3D176E00B33C74 /* KindViewModel.m in Sources */,
				3886C0C11BD74B090014E661 /* BaseModel.m in Sources */,
				18AAD52F1D3E297C00B33C74 /* GameInfoListCell.m in Sources */,
				3886C0981BD748830014E661 /* main.m in Sources */,
				3804CE521BD758F10046C8C8 /* NSObject+Common.m in Sources */,
			);
			runOnlyForDeploymentPostprocessing = 0;
		};
/* End PBXSourcesBuildPhase section */

/* Begin PBXVariantGroup section */
		3886C09F1BD748830014E661 /* Main.storyboard */ = {
			isa = PBXVariantGroup;
			children = (
				3886C0A01BD748830014E661 /* Base */,
				3879FE9D1BDFDD2400A99990 /* zh-Hans */,
			);
			name = Main.storyboard;
			path = ..;
			sourceTree = "<group>";
		};
/* End PBXVariantGroup section */

/* Begin XCBuildConfiguration section */
		3886C0A81BD748830014E661 /* Debug */ = {
			isa = XCBuildConfiguration;
			buildSettings = {
				ALWAYS_SEARCH_USER_PATHS = NO;
				CLANG_CXX_LANGUAGE_STANDARD = "gnu++0x";
				CLANG_CXX_LIBRARY = "libc++";
				CLANG_ENABLE_MODULES = YES;
				CLANG_ENABLE_OBJC_ARC = YES;
				CLANG_WARN_BOOL_CONVERSION = YES;
				CLANG_WARN_CONSTANT_CONVERSION = YES;
				CLANG_WARN_DIRECT_OBJC_ISA_USAGE = YES_ERROR;
				CLANG_WARN_EMPTY_BODY = YES;
				CLANG_WARN_ENUM_CONVERSION = YES;
				CLANG_WARN_INT_CONVERSION = YES;
				CLANG_WARN_OBJC_ROOT_CLASS = YES_ERROR;
				CLANG_WARN_UNREACHABLE_CODE = YES;
				CLANG_WARN__DUPLICATE_METHOD_MATCH = YES;
				"CODE_SIGN_IDENTITY[sdk=iphoneos*]" = "iPhone Developer";
				COPY_PHASE_STRIP = NO;
				DEBUG_INFORMATION_FORMAT = dwarf;
				ENABLE_STRICT_OBJC_MSGSEND = YES;
				ENABLE_TESTABILITY = YES;
				GCC_C_LANGUAGE_STANDARD = gnu99;
				GCC_DYNAMIC_NO_PIC = NO;
				GCC_NO_COMMON_BLOCKS = YES;
				GCC_OPTIMIZATION_LEVEL = 0;
				GCC_PREPROCESSOR_DEFINITIONS = (
					"DEBUG=1",
					"$(inherited)",
				);
				GCC_WARN_64_TO_32_BIT_CONVERSION = YES;
				GCC_WARN_ABOUT_RETURN_TYPE = YES_ERROR;
				GCC_WARN_UNDECLARED_SELECTOR = YES;
				GCC_WARN_UNINITIALIZED_AUTOS = YES_AGGRESSIVE;
				GCC_WARN_UNUSED_FUNCTION = YES;
				GCC_WARN_UNUSED_VARIABLE = YES;
				IPHONEOS_DEPLOYMENT_TARGET = 9.0;
				MTL_ENABLE_DEBUG_INFO = YES;
				ONLY_ACTIVE_ARCH = YES;
				SDKROOT = iphoneos;
			};
			name = Debug;
		};
		3886C0A91BD748830014E661 /* Release */ = {
			isa = XCBuildConfiguration;
			buildSettings = {
				ALWAYS_SEARCH_USER_PATHS = NO;
				CLANG_CXX_LANGUAGE_STANDARD = "gnu++0x";
				CLANG_CXX_LIBRARY = "libc++";
				CLANG_ENABLE_MODULES = YES;
				CLANG_ENABLE_OBJC_ARC = YES;
				CLANG_WARN_BOOL_CONVERSION = YES;
				CLANG_WARN_CONSTANT_CONVERSION = YES;
				CLANG_WARN_DIRECT_OBJC_ISA_USAGE = YES_ERROR;
				CLANG_WARN_EMPTY_BODY = YES;
				CLANG_WARN_ENUM_CONVERSION = YES;
				CLANG_WARN_INT_CONVERSION = YES;
				CLANG_WARN_OBJC_ROOT_CLASS = YES_ERROR;
				CLANG_WARN_UNREACHABLE_CODE = YES;
				CLANG_WARN__DUPLICATE_METHOD_MATCH = YES;
				"CODE_SIGN_IDENTITY[sdk=iphoneos*]" = "iPhone Developer";
				COPY_PHASE_STRIP = NO;
				DEBUG_INFORMATION_FORMAT = "dwarf-with-dsym";
				ENABLE_NS_ASSERTIONS = NO;
				ENABLE_STRICT_OBJC_MSGSEND = YES;
				GCC_C_LANGUAGE_STANDARD = gnu99;
				GCC_NO_COMMON_BLOCKS = YES;
				GCC_WARN_64_TO_32_BIT_CONVERSION = YES;
				GCC_WARN_ABOUT_RETURN_TYPE = YES_ERROR;
				GCC_WARN_UNDECLARED_SELECTOR = YES;
				GCC_WARN_UNINITIALIZED_AUTOS = YES_AGGRESSIVE;
				GCC_WARN_UNUSED_FUNCTION = YES;
				GCC_WARN_UNUSED_VARIABLE = YES;
				IPHONEOS_DEPLOYMENT_TARGET = 9.0;
				MTL_ENABLE_DEBUG_INFO = NO;
				SDKROOT = iphoneos;
				VALIDATE_PRODUCT = YES;
			};
			name = Release;
		};
		3886C0AB1BD748830014E661 /* Debug */ = {
			isa = XCBuildConfiguration;
			baseConfigurationReference = 74C1BC7569ACEE2D7BF41516 /* Pods-BaseProject.debug.xcconfig */;
			buildSettings = {
				ASSETCATALOG_COMPILER_APPICON_NAME = AppIcon;
				CODE_SIGN_IDENTITY = "iPhone Developer";
				"CODE_SIGN_IDENTITY[sdk=iphoneos*]" = "iPhone Developer";
				FRAMEWORK_SEARCH_PATHS = (
					"$(inherited)",
					"$(PROJECT_DIR)/BaseProject/Vendor/umeng_ios_social_sdk_4.2-2.5_arm64_custom/UMSocial_Sdk_Extra_Frameworks/TencentOpenAPI",
				);
				GCC_PREFIX_HEADER = BaseProject/Resource/PrefixHeader.pch;
				INFOPLIST_FILE = BaseProject/Info.plist;
				IPHONEOS_DEPLOYMENT_TARGET = 7.0;
				LD_RUNPATH_SEARCH_PATHS = "$(inherited) @executable_path/Frameworks";
				LIBRARY_SEARCH_PATHS = (
					"$(inherited)",
					"$(PROJECT_DIR)/BaseProject/Vendor/UMAnalytics_Sdk_3.6.4",
					"$(PROJECT_DIR)/BaseProject/Vendor/umeng_ios_social_sdk_4.2-2.5_arm64_custom/UMSocial_Sdk_4.2.5",
					"$(PROJECT_DIR)/BaseProject/Vendor/umeng_ios_social_sdk_4.2-2.5_arm64_custom/UMSocial_Sdk_Extra_Frameworks/TencentOpenAPI",
					"$(PROJECT_DIR)/BaseProject/Vendor/umeng_ios_social_sdk_4.2-2.5_arm64_custom/UMSocial_Sdk_Extra_Frameworks/Wechat",
				);
				PRODUCT_BUNDLE_IDENTIFIER = "-88com.tarena.BaseProject";
				PRODUCT_NAME = "$(TARGET_NAME)";
				PROVISIONING_PROFILE = "";
			};
			name = Debug;
		};
		3886C0AC1BD748830014E661 /* Release */ = {
			isa = XCBuildConfiguration;
			baseConfigurationReference = 218423E71B9FA0C3179DF394 /* Pods-BaseProject.release.xcconfig */;
			buildSettings = {
				ASSETCATALOG_COMPILER_APPICON_NAME = AppIcon;
				CODE_SIGN_IDENTITY = "iPhone Developer";
				"CODE_SIGN_IDENTITY[sdk=iphoneos*]" = "iPhone Developer";
				FRAMEWORK_SEARCH_PATHS = (
					"$(inherited)",
					"$(PROJECT_DIR)/BaseProject/Vendor/umeng_ios_social_sdk_4.2-2.5_arm64_custom/UMSocial_Sdk_Extra_Frameworks/TencentOpenAPI",
				);
				GCC_PREFIX_HEADER = BaseProject/Resource/PrefixHeader.pch;
				INFOPLIST_FILE = BaseProject/Info.plist;
				IPHONEOS_DEPLOYMENT_TARGET = 7.0;
				LD_RUNPATH_SEARCH_PATHS = "$(inherited) @executable_path/Frameworks";
				LIBRARY_SEARCH_PATHS = (
					"$(inherited)",
					"$(PROJECT_DIR)/BaseProject/Vendor/UMAnalytics_Sdk_3.6.4",
					"$(PROJECT_DIR)/BaseProject/Vendor/umeng_ios_social_sdk_4.2-2.5_arm64_custom/UMSocial_Sdk_4.2.5",
					"$(PROJECT_DIR)/BaseProject/Vendor/umeng_ios_social_sdk_4.2-2.5_arm64_custom/UMSocial_Sdk_Extra_Frameworks/TencentOpenAPI",
					"$(PROJECT_DIR)/BaseProject/Vendor/umeng_ios_social_sdk_4.2-2.5_arm64_custom/UMSocial_Sdk_Extra_Frameworks/Wechat",
				);
				PRODUCT_BUNDLE_IDENTIFIER = "-88com.tarena.BaseProject";
				PRODUCT_NAME = "$(TARGET_NAME)";
				PROVISIONING_PROFILE = "";
			};
			name = Release;
		};
/* End XCBuildConfiguration section */

/* Begin XCConfigurationList section */
		3886C08E1BD748830014E661 /* Build configuration list for PBXProject "BaseProject" */ = {
			isa = XCConfigurationList;
			buildConfigurations = (
				3886C0A81BD748830014E661 /* Debug */,
				3886C0A91BD748830014E661 /* Release */,
			);
			defaultConfigurationIsVisible = 0;
			defaultConfigurationName = Release;
		};
		3886C0AA1BD748830014E661 /* Build configuration list for PBXNativeTarget "BaseProject" */ = {
			isa = XCConfigurationList;
			buildConfigurations = (
				3886C0AB1BD748830014E661 /* Debug */,
				3886C0AC1BD748830014E661 /* Release */,
			);
			defaultConfigurationIsVisible = 0;
			defaultConfigurationName = Release;
		};
/* End XCConfigurationList section */
	};
	rootObject = 3886C08B1BD748830014E661 /* Project object */;
}
